// !$*UTF8*$!
{
	archiveVersion = 1;
	classes = {
	};
	objectVersion = 56;
	objects = {

/* Begin PBXBuildFile section */
		7B3EB49B2CC9E82F00954702 /* CustomHalfSheet.swift in Sources */ = {isa = PBXBuildFile; fileRef = 7B3EB49A2CC9E82F00954702 /* CustomHalfSheet.swift */; };
		7B4BFFBA2CB69C10001C450F /* IPadContentView.swift in Sources */ = {isa = PBXBuildFile; fileRef = 7B4BFFB92CB69C10001C450F /* IPadContentView.swift */; };
		7B4BFFBC2CB69E07001C450F /* ToyotaNavigationSidebar.swift in Sources */ = {isa = PBXBuildFile; fileRef = 7B4BFFBB2CB69E07001C450F /* ToyotaNavigationSidebar.swift */; };
		7B4BFFBF2CB69EE2001C450F /* Place.swift in Sources */ = {isa = PBXBuildFile; fileRef = 7B4BFFBE2CB69EE2001C450F /* Place.swift */; };
		7B4BFFC12CB69F36001C450F /* RouteNavigationView.swift in Sources */ = {isa = PBXBuildFile; fileRef = 7B4BFFC02CB69F36001C450F /* RouteNavigationView.swift */; };
		7B4BFFC32CB6A01D001C450F /* LocationManager.swift in Sources */ = {isa = PBXBuildFile; fileRef = 7B4BFFC22CB6A01D001C450F /* LocationManager.swift */; };
		7B9B6D5B2CBE6AA8007FA8A0 /* MapViewForScreenShot.swift in Sources */ = {isa = PBXBuildFile; fileRef = 7B9B6D5A2CBE6AA8007FA8A0 /* MapViewForScreenShot.swift */; };
		7BACAF112CB580B1005CC432 /* PlayerCard.swift in Sources */ = {isa = PBXBuildFile; fileRef = 7BACAF102CB580B1005CC432 /* PlayerCard.swift */; };
		7BD8C6782CC29BDB002D38A0 /* PlayerCard2.swift in Sources */ = {isa = PBXBuildFile; fileRef = 7BD8C6772CC29BDB002D38A0 /* PlayerCard2.swift */; };
		7BE49F352CBBE6FC00B31067 /* crustered-accident.json in Resources */ = {isa = PBXBuildFile; fileRef = 7BE49F342CBBE6FC00B31067 /* crustered-accident.json */; };
		7BE49F382CBBE82300B31067 /* DangerAreaRepository.swift in Sources */ = {isa = PBXBuildFile; fileRef = 7BE49F372CBBE82300B31067 /* DangerAreaRepository.swift */; };
		7BE49F3D2CBC3E0100B31067 /* View+.swift in Sources */ = {isa = PBXBuildFile; fileRef = 7BE49F3C2CBC3E0100B31067 /* View+.swift */; };
		7BE49F402CBC3E3D00B31067 /* ScrollSpy.swift in Sources */ = {isa = PBXBuildFile; fileRef = 7BE49F3F2CBC3E3D00B31067 /* ScrollSpy.swift */; };
		7BE49F422CBC3E7B00B31067 /* NFLCollectionOverview.swift in Sources */ = {isa = PBXBuildFile; fileRef = 7BE49F412CBC3E7B00B31067 /* NFLCollectionOverview.swift */; };
		7BE49F452CBC480D00B31067 /* Card.swift in Sources */ = {isa = PBXBuildFile; fileRef = 7BE49F442CBC480D00B31067 /* Card.swift */; };
		7BE49F472CBC4C2300B31067 /* CardCollectionDetailView.swift in Sources */ = {isa = PBXBuildFile; fileRef = 7BE49F462CBC4C2300B31067 /* CardCollectionDetailView.swift */; };
		7BE49F492CBD060D00B31067 /* CardUnpackView.swift in Sources */ = {isa = PBXBuildFile; fileRef = 7BE49F482CBD060D00B31067 /* CardUnpackView.swift */; };
		7BE49F4B2CBD142500B31067 /* ProfileCardView.swift in Sources */ = {isa = PBXBuildFile; fileRef = 7BE49F4A2CBD142500B31067 /* ProfileCardView.swift */; };
		7BE49F4D2CBD170800B31067 /* CapsuleButton.swift in Sources */ = {isa = PBXBuildFile; fileRef = 7BE49F4C2CBD170800B31067 /* CapsuleButton.swift */; };
		7BE49F4F2CBD190D00B31067 /* RankingView.swift in Sources */ = {isa = PBXBuildFile; fileRef = 7BE49F4E2CBD190D00B31067 /* RankingView.swift */; };
		7BE49F522CBD266900B31067 /* MatchCard.swift in Sources */ = {isa = PBXBuildFile; fileRef = 7BE49F512CBD266900B31067 /* MatchCard.swift */; };
		7BE49F562CBD488100B31067 /* MCSessionManager.swift in Sources */ = {isa = PBXBuildFile; fileRef = 7BE49F552CBD488100B31067 /* MCSessionManager.swift */; };
		7BE708522CB54CA000E0CBA9 /* nfl_geofencingApp.swift in Sources */ = {isa = PBXBuildFile; fileRef = 7BE708512CB54CA000E0CBA9 /* nfl_geofencingApp.swift */; };
		7BE708542CB54CA000E0CBA9 /* ContentView.swift in Sources */ = {isa = PBXBuildFile; fileRef = 7BE708532CB54CA000E0CBA9 /* ContentView.swift */; };
		7BE708562CB54CA000E0CBA9 /* Assets.xcassets in Resources */ = {isa = PBXBuildFile; fileRef = 7BE708552CB54CA000E0CBA9 /* Assets.xcassets */; };
		7BE708592CB54CA000E0CBA9 /* Preview Assets.xcassets in Resources */ = {isa = PBXBuildFile; fileRef = 7BE708582CB54CA000E0CBA9 /* Preview Assets.xcassets */; };
		7BE708602CB550F100E0CBA9 /* SetupProfileView.swift in Sources */ = {isa = PBXBuildFile; fileRef = 7BE7085F2CB550F100E0CBA9 /* SetupProfileView.swift */; };
		7BE708622CB5511000E0CBA9 /* HomeScreen.swift in Sources */ = {isa = PBXBuildFile; fileRef = 7BE708612CB5511000E0CBA9 /* HomeScreen.swift */; };
		7BE708642CB5548F00E0CBA9 /* ScheduleScreen.swift in Sources */ = {isa = PBXBuildFile; fileRef = 7BE708632CB5548F00E0CBA9 /* ScheduleScreen.swift */; };
		7BE708662CB554A700E0CBA9 /* CardsScreen.swift in Sources */ = {isa = PBXBuildFile; fileRef = 7BE708652CB554A700E0CBA9 /* CardsScreen.swift */; };
		7BE708682CB554CB00E0CBA9 /* MyPageScreen.swift in Sources */ = {isa = PBXBuildFile; fileRef = 7BE708672CB554CB00E0CBA9 /* MyPageScreen.swift */; };
		7BE7086A2CB5551700E0CBA9 /* DriveScreen.swift in Sources */ = {isa = PBXBuildFile; fileRef = 7BE708692CB5551700E0CBA9 /* DriveScreen.swift */; };
		7BE99FCF2CBAB9230049F525 /* Collection+.swift in Sources */ = {isa = PBXBuildFile; fileRef = 7BE99FCE2CBAB9230049F525 /* Collection+.swift */; };
		7BE99FD12CBAB94B0049F525 /* CLLocationCoordinate2D+.swift in Sources */ = {isa = PBXBuildFile; fileRef = 7BE99FD02CBAB94B0049F525 /* CLLocationCoordinate2D+.swift */; };
		7BE99FD32CBABA330049F525 /* MapPolyline+.swift in Sources */ = {isa = PBXBuildFile; fileRef = 7BE99FD22CBABA330049F525 /* MapPolyline+.swift */; };
		7BE99FD52CBABA8E0049F525 /* ResultDialog.swift in Sources */ = {isa = PBXBuildFile; fileRef = 7BE99FD42CBABA8E0049F525 /* ResultDialog.swift */; };
		7BEB7AE52CBFB98700C14DA0 /* CardUnpackView2.swift in Sources */ = {isa = PBXBuildFile; fileRef = 7BEB7AE42CBFB98700C14DA0 /* CardUnpackView2.swift */; };
		A139DB5D2CB5724F00A75050 /* RouteDetailView.swift in Sources */ = {isa = PBXBuildFile; fileRef = A139DB5C2CB5724F00A75050 /* RouteDetailView.swift */; };
		A139DB612CB573AE00A75050 /* DestinationRegistorView.swift in Sources */ = {isa = PBXBuildFile; fileRef = A139DB602CB573AE00A75050 /* DestinationRegistorView.swift */; };
		A1D8CB102CC989780078A0E9 /* GifView.swift in Sources */ = {isa = PBXBuildFile; fileRef = A1D8CB0F2CC989780078A0E9 /* GifView.swift */; };
		A1D8CB122CC989C20078A0E9 /* loading.gif in Resources */ = {isa = PBXBuildFile; fileRef = A1D8CB112CC989C20078A0E9 /* loading.gif */; };
		A1FB9D892CB7CDBA00119D9B /* LoginView.swift in Sources */ = {isa = PBXBuildFile; fileRef = A1FB9D882CB7CDBA00119D9B /* LoginView.swift */; };
		A1FB9D8B2CB8002900119D9B /* FootballPosition.swift in Sources */ = {isa = PBXBuildFile; fileRef = A1FB9D8A2CB8002900119D9B /* FootballPosition.swift */; };
		A1FD00402CB8136100EC3A46 /* ScarableImageView.swift in Sources */ = {isa = PBXBuildFile; fileRef = A1FD003F2CB8136100EC3A46 /* ScarableImageView.swift */; };
		A1FD2A3F2CC081D9001D603B /* crustered-accident-night.json in Resources */ = {isa = PBXBuildFile; fileRef = A1FD2A3E2CC081D9001D603B /* crustered-accident-night.json */; };
		A1FD2A402CC081D9001D603B /* crustered-accident-day.json in Resources */ = {isa = PBXBuildFile; fileRef = A1FD2A3D2CC081D9001D603B /* crustered-accident-day.json */; };
		CE2E6C272CBD187C007023DC /* MyNFLCollerctionView.swift in Sources */ = {isa = PBXBuildFile; fileRef = CE2E6C262CBD187C007023DC /* MyNFLCollerctionView.swift */; };
		CE2E6C292CBD18C0007023DC /* MyCollegeCollectionView.swift in Sources */ = {isa = PBXBuildFile; fileRef = CE2E6C282CBD18C0007023DC /* MyCollegeCollectionView.swift */; };
		CE2E6C2B2CBD18DF007023DC /* MyCollectionView.swift in Sources */ = {isa = PBXBuildFile; fileRef = CE2E6C2A2CBD18DF007023DC /* MyCollectionView.swift */; };
		E1CCE3D32CBB94B400B64C1D /* Team.swift in Sources */ = {isa = PBXBuildFile; fileRef = E1CCE3D22CBB94B400B64C1D /* Team.swift */; };
		E1CCE3D52CBB9F4400B64C1D /* TeamSelectView.swift in Sources */ = {isa = PBXBuildFile; fileRef = E1CCE3D42CBB9F4400B64C1D /* TeamSelectView.swift */; };
		E1E31A1F2CC995920082E2C8 /* LoginTitleImage.swift in Sources */ = {isa = PBXBuildFile; fileRef = E1E31A1E2CC995920082E2C8 /* LoginTitleImage.swift */; };
		E1E31A212CC9A6790082E2C8 /* SplashScreen.swift in Sources */ = {isa = PBXBuildFile; fileRef = E1E31A202CC9A6790082E2C8 /* SplashScreen.swift */; };
		E1ED23A52CC6E71C00262A12 /* Score.swift in Sources */ = {isa = PBXBuildFile; fileRef = E1ED23A42CC6E71C00262A12 /* Score.swift */; };
		E1ED23A72CC6F3F500262A12 /* Players.swift in Sources */ = {isa = PBXBuildFile; fileRef = E1ED23A62CC6F3F500262A12 /* Players.swift */; };
/* End PBXBuildFile section */

/* Begin PBXFileReference section */
		7B3EB49A2CC9E82F00954702 /* CustomHalfSheet.swift */ = {isa = PBXFileReference; lastKnownFileType = sourcecode.swift; path = CustomHalfSheet.swift; sourceTree = "<group>"; };
		7B4BFFB92CB69C10001C450F /* IPadContentView.swift */ = {isa = PBXFileReference; lastKnownFileType = sourcecode.swift; path = IPadContentView.swift; sourceTree = "<group>"; };
		7B4BFFBB2CB69E07001C450F /* ToyotaNavigationSidebar.swift */ = {isa = PBXFileReference; lastKnownFileType = sourcecode.swift; path = ToyotaNavigationSidebar.swift; sourceTree = "<group>"; };
		7B4BFFBE2CB69EE2001C450F /* Place.swift */ = {isa = PBXFileReference; lastKnownFileType = sourcecode.swift; path = Place.swift; sourceTree = "<group>"; };
		7B4BFFC02CB69F36001C450F /* RouteNavigationView.swift */ = {isa = PBXFileReference; lastKnownFileType = sourcecode.swift; path = RouteNavigationView.swift; sourceTree = "<group>"; };
		7B4BFFC22CB6A01D001C450F /* LocationManager.swift */ = {isa = PBXFileReference; lastKnownFileType = sourcecode.swift; path = LocationManager.swift; sourceTree = "<group>"; };
		7B9B6D5A2CBE6AA8007FA8A0 /* MapViewForScreenShot.swift */ = {isa = PBXFileReference; lastKnownFileType = sourcecode.swift; path = MapViewForScreenShot.swift; sourceTree = "<group>"; };
		7B9B6D5C2CBE787B007FA8A0 /* Info.plist */ = {isa = PBXFileReference; lastKnownFileType = text.plist; path = Info.plist; sourceTree = "<group>"; };
		7BACAF102CB580B1005CC432 /* PlayerCard.swift */ = {isa = PBXFileReference; lastKnownFileType = sourcecode.swift; path = PlayerCard.swift; sourceTree = "<group>"; };
		7BD8C6772CC29BDB002D38A0 /* PlayerCard2.swift */ = {isa = PBXFileReference; lastKnownFileType = sourcecode.swift; path = PlayerCard2.swift; sourceTree = "<group>"; };
		7BE49F342CBBE6FC00B31067 /* crustered-accident.json */ = {isa = PBXFileReference; lastKnownFileType = text.json; path = "crustered-accident.json"; sourceTree = "<group>"; };
		7BE49F372CBBE82300B31067 /* DangerAreaRepository.swift */ = {isa = PBXFileReference; lastKnownFileType = sourcecode.swift; path = DangerAreaRepository.swift; sourceTree = "<group>"; };
		7BE49F3C2CBC3E0100B31067 /* View+.swift */ = {isa = PBXFileReference; lastKnownFileType = sourcecode.swift; path = "View+.swift"; sourceTree = "<group>"; };
		7BE49F3F2CBC3E3D00B31067 /* ScrollSpy.swift */ = {isa = PBXFileReference; lastKnownFileType = sourcecode.swift; path = ScrollSpy.swift; sourceTree = "<group>"; };
		7BE49F412CBC3E7B00B31067 /* NFLCollectionOverview.swift */ = {isa = PBXFileReference; lastKnownFileType = sourcecode.swift; path = NFLCollectionOverview.swift; sourceTree = "<group>"; };
		7BE49F442CBC480D00B31067 /* Card.swift */ = {isa = PBXFileReference; lastKnownFileType = sourcecode.swift; path = Card.swift; sourceTree = "<group>"; };
		7BE49F462CBC4C2300B31067 /* CardCollectionDetailView.swift */ = {isa = PBXFileReference; lastKnownFileType = sourcecode.swift; path = CardCollectionDetailView.swift; sourceTree = "<group>"; };
		7BE49F482CBD060D00B31067 /* CardUnpackView.swift */ = {isa = PBXFileReference; lastKnownFileType = sourcecode.swift; path = CardUnpackView.swift; sourceTree = "<group>"; };
		7BE49F4A2CBD142500B31067 /* ProfileCardView.swift */ = {isa = PBXFileReference; lastKnownFileType = sourcecode.swift; path = ProfileCardView.swift; sourceTree = "<group>"; };
		7BE49F4C2CBD170800B31067 /* CapsuleButton.swift */ = {isa = PBXFileReference; lastKnownFileType = sourcecode.swift; path = CapsuleButton.swift; sourceTree = "<group>"; };
		7BE49F4E2CBD190D00B31067 /* RankingView.swift */ = {isa = PBXFileReference; lastKnownFileType = sourcecode.swift; path = RankingView.swift; sourceTree = "<group>"; };
		7BE49F512CBD266900B31067 /* MatchCard.swift */ = {isa = PBXFileReference; lastKnownFileType = sourcecode.swift; path = MatchCard.swift; sourceTree = "<group>"; };
		7BE49F552CBD488100B31067 /* MCSessionManager.swift */ = {isa = PBXFileReference; lastKnownFileType = sourcecode.swift; path = MCSessionManager.swift; sourceTree = "<group>"; };
		7BE7084E2CB54CA000E0CBA9 /* nfl-geofencing.app */ = {isa = PBXFileReference; explicitFileType = wrapper.application; includeInIndex = 0; path = "nfl-geofencing.app"; sourceTree = BUILT_PRODUCTS_DIR; };
		7BE708512CB54CA000E0CBA9 /* nfl_geofencingApp.swift */ = {isa = PBXFileReference; lastKnownFileType = sourcecode.swift; path = nfl_geofencingApp.swift; sourceTree = "<group>"; };
		7BE708532CB54CA000E0CBA9 /* ContentView.swift */ = {isa = PBXFileReference; lastKnownFileType = sourcecode.swift; path = ContentView.swift; sourceTree = "<group>"; };
		7BE708552CB54CA000E0CBA9 /* Assets.xcassets */ = {isa = PBXFileReference; lastKnownFileType = folder.assetcatalog; path = Assets.xcassets; sourceTree = "<group>"; };
		7BE708582CB54CA000E0CBA9 /* Preview Assets.xcassets */ = {isa = PBXFileReference; lastKnownFileType = folder.assetcatalog; path = "Preview Assets.xcassets"; sourceTree = "<group>"; };
		7BE7085F2CB550F100E0CBA9 /* SetupProfileView.swift */ = {isa = PBXFileReference; lastKnownFileType = sourcecode.swift; path = SetupProfileView.swift; sourceTree = "<group>"; };
		7BE708612CB5511000E0CBA9 /* HomeScreen.swift */ = {isa = PBXFileReference; lastKnownFileType = sourcecode.swift; path = HomeScreen.swift; sourceTree = "<group>"; };
		7BE708632CB5548F00E0CBA9 /* ScheduleScreen.swift */ = {isa = PBXFileReference; lastKnownFileType = sourcecode.swift; path = ScheduleScreen.swift; sourceTree = "<group>"; };
		7BE708652CB554A700E0CBA9 /* CardsScreen.swift */ = {isa = PBXFileReference; lastKnownFileType = sourcecode.swift; path = CardsScreen.swift; sourceTree = "<group>"; };
		7BE708672CB554CB00E0CBA9 /* MyPageScreen.swift */ = {isa = PBXFileReference; lastKnownFileType = sourcecode.swift; path = MyPageScreen.swift; sourceTree = "<group>"; };
		7BE708692CB5551700E0CBA9 /* DriveScreen.swift */ = {isa = PBXFileReference; lastKnownFileType = sourcecode.swift; path = DriveScreen.swift; sourceTree = "<group>"; };
		7BE99FCE2CBAB9230049F525 /* Collection+.swift */ = {isa = PBXFileReference; lastKnownFileType = sourcecode.swift; path = "Collection+.swift"; sourceTree = "<group>"; };
		7BE99FD02CBAB94B0049F525 /* CLLocationCoordinate2D+.swift */ = {isa = PBXFileReference; lastKnownFileType = sourcecode.swift; path = "CLLocationCoordinate2D+.swift"; sourceTree = "<group>"; };
		7BE99FD22CBABA330049F525 /* MapPolyline+.swift */ = {isa = PBXFileReference; lastKnownFileType = sourcecode.swift; path = "MapPolyline+.swift"; sourceTree = "<group>"; };
		7BE99FD42CBABA8E0049F525 /* ResultDialog.swift */ = {isa = PBXFileReference; lastKnownFileType = sourcecode.swift; path = ResultDialog.swift; sourceTree = "<group>"; };
		7BEB7AE42CBFB98700C14DA0 /* CardUnpackView2.swift */ = {isa = PBXFileReference; lastKnownFileType = sourcecode.swift; path = CardUnpackView2.swift; sourceTree = "<group>"; };
		A139DB5C2CB5724F00A75050 /* RouteDetailView.swift */ = {isa = PBXFileReference; lastKnownFileType = sourcecode.swift; path = RouteDetailView.swift; sourceTree = "<group>"; };
		A139DB602CB573AE00A75050 /* DestinationRegistorView.swift */ = {isa = PBXFileReference; lastKnownFileType = sourcecode.swift; path = DestinationRegistorView.swift; sourceTree = "<group>"; };
		A1D8CB0F2CC989780078A0E9 /* GifView.swift */ = {isa = PBXFileReference; lastKnownFileType = sourcecode.swift; path = GifView.swift; sourceTree = "<group>"; };
		A1D8CB112CC989C20078A0E9 /* loading.gif */ = {isa = PBXFileReference; lastKnownFileType = image.gif; path = loading.gif; sourceTree = "<group>"; };
		A1FB9D882CB7CDBA00119D9B /* LoginView.swift */ = {isa = PBXFileReference; lastKnownFileType = sourcecode.swift; path = LoginView.swift; sourceTree = "<group>"; };
		A1FB9D8A2CB8002900119D9B /* FootballPosition.swift */ = {isa = PBXFileReference; lastKnownFileType = sourcecode.swift; path = FootballPosition.swift; sourceTree = "<group>"; };
		A1FD003F2CB8136100EC3A46 /* ScarableImageView.swift */ = {isa = PBXFileReference; lastKnownFileType = sourcecode.swift; path = ScarableImageView.swift; sourceTree = "<group>"; };
		A1FD2A3D2CC081D9001D603B /* crustered-accident-day.json */ = {isa = PBXFileReference; lastKnownFileType = text.json; path = "crustered-accident-day.json"; sourceTree = "<group>"; };
		A1FD2A3E2CC081D9001D603B /* crustered-accident-night.json */ = {isa = PBXFileReference; lastKnownFileType = text.json; path = "crustered-accident-night.json"; sourceTree = "<group>"; };
		CE2E6C262CBD187C007023DC /* MyNFLCollerctionView.swift */ = {isa = PBXFileReference; lastKnownFileType = sourcecode.swift; path = MyNFLCollerctionView.swift; sourceTree = "<group>"; };
		CE2E6C282CBD18C0007023DC /* MyCollegeCollectionView.swift */ = {isa = PBXFileReference; lastKnownFileType = sourcecode.swift; path = MyCollegeCollectionView.swift; sourceTree = "<group>"; };
		CE2E6C2A2CBD18DF007023DC /* MyCollectionView.swift */ = {isa = PBXFileReference; lastKnownFileType = sourcecode.swift; path = MyCollectionView.swift; sourceTree = "<group>"; };
		E1CCE3D22CBB94B400B64C1D /* Team.swift */ = {isa = PBXFileReference; lastKnownFileType = sourcecode.swift; path = Team.swift; sourceTree = "<group>"; };
		E1CCE3D42CBB9F4400B64C1D /* TeamSelectView.swift */ = {isa = PBXFileReference; lastKnownFileType = sourcecode.swift; path = TeamSelectView.swift; sourceTree = "<group>"; };
		E1E31A1E2CC995920082E2C8 /* LoginTitleImage.swift */ = {isa = PBXFileReference; lastKnownFileType = sourcecode.swift; path = LoginTitleImage.swift; sourceTree = "<group>"; };
		E1E31A202CC9A6790082E2C8 /* SplashScreen.swift */ = {isa = PBXFileReference; lastKnownFileType = sourcecode.swift; path = SplashScreen.swift; sourceTree = "<group>"; };
		E1ED23A42CC6E71C00262A12 /* Score.swift */ = {isa = PBXFileReference; lastKnownFileType = sourcecode.swift; path = Score.swift; sourceTree = "<group>"; };
		E1ED23A62CC6F3F500262A12 /* Players.swift */ = {isa = PBXFileReference; lastKnownFileType = sourcecode.swift; path = Players.swift; sourceTree = "<group>"; };
/* End PBXFileReference section */

/* Begin PBXFrameworksBuildPhase section */
		7BE7084B2CB54CA000E0CBA9 /* Frameworks */ = {
			isa = PBXFrameworksBuildPhase;
			buildActionMask = 2147483647;
			files = (
			);
			runOnlyForDeploymentPostprocessing = 0;
		};
/* End PBXFrameworksBuildPhase section */

/* Begin PBXGroup section */
		7B4BFFB82CB69BF0001C450F /* iPad */ = {
			isa = PBXGroup;
			children = (
				7B4BFFB92CB69C10001C450F /* IPadContentView.swift */,
				7B4BFFBB2CB69E07001C450F /* ToyotaNavigationSidebar.swift */,
				7B4BFFC02CB69F36001C450F /* RouteNavigationView.swift */,
				7BE99FD42CBABA8E0049F525 /* ResultDialog.swift */,
			);
			path = iPad;
			sourceTree = "<group>";
		};
		7B9B6D582CBE687A007FA8A0 /* Views */ = {
			isa = PBXGroup;
			children = (
				7BE49F502CBD1DF300B31067 /* Components */,
				7BE49F3E2CBC3E2300B31067 /* CustomModifiers */,
				7B9B6D592CBE68A8007FA8A0 /* iPhone */,
				7B4BFFB82CB69BF0001C450F /* iPad */,
				E1E31A202CC9A6790082E2C8 /* SplashScreen.swift */,
			);
			path = Views;
			sourceTree = "<group>";
		};
		7B9B6D592CBE68A8007FA8A0 /* iPhone */ = {
			isa = PBXGroup;
			children = (
				7BE708532CB54CA000E0CBA9 /* ContentView.swift */,
				7BE7085F2CB550F100E0CBA9 /* SetupProfileView.swift */,
				E1CCE3D42CBB9F4400B64C1D /* TeamSelectView.swift */,
				A1FB9D882CB7CDBA00119D9B /* LoginView.swift */,
				7BE7086B2CB556D300E0CBA9 /* Home */,
				7BE7086F2CB556FB00E0CBA9 /* MyPage */,
				7BE7086E2CB556F600E0CBA9 /* Cards */,
				7BE7086D2CB556F000E0CBA9 /* Drive */,
				7BE7086C2CB556E800E0CBA9 /* Schedule */,
				E1E31A1E2CC995920082E2C8 /* LoginTitleImage.swift */,
			);
			path = iPhone;
			sourceTree = "<group>";
		};
		7BE49F332CBBE64C00B31067 /* Resources */ = {
			isa = PBXGroup;
			children = (
				7B4BFFBE2CB69EE2001C450F /* Place.swift */,
				A1FD2A3D2CC081D9001D603B /* crustered-accident-day.json */,
				A1FD2A3E2CC081D9001D603B /* crustered-accident-night.json */,
				7BE49F342CBBE6FC00B31067 /* crustered-accident.json */,
			);
			path = Resources;
			sourceTree = "<group>";
		};
		7BE49F362CBBE71E00B31067 /* Repositories */ = {
			isa = PBXGroup;
			children = (
				7BE49F372CBBE82300B31067 /* DangerAreaRepository.swift */,
			);
			path = Repositories;
			sourceTree = "<group>";
		};
		7BE49F3E2CBC3E2300B31067 /* CustomModifiers */ = {
			isa = PBXGroup;
			children = (
				7BE49F3F2CBC3E3D00B31067 /* ScrollSpy.swift */,
			);
			path = CustomModifiers;
			sourceTree = "<group>";
		};
		7BE49F432CBC477600B31067 /* Models */ = {
			isa = PBXGroup;
			children = (
				E1CCE3D22CBB94B400B64C1D /* Team.swift */,
				7BE49F442CBC480D00B31067 /* Card.swift */,
				E1ED23A42CC6E71C00262A12 /* Score.swift */,
				E1ED23A62CC6F3F500262A12 /* Players.swift */,
			);
			path = Models;
			sourceTree = "<group>";
		};
		7BE49F502CBD1DF300B31067 /* Components */ = {
			isa = PBXGroup;
			children = (
				A1FD003F2CB8136100EC3A46 /* ScarableImageView.swift */,
				7BE49F4C2CBD170800B31067 /* CapsuleButton.swift */,
				A1D8CB0F2CC989780078A0E9 /* GifView.swift */,
				7B3EB49A2CC9E82F00954702 /* CustomHalfSheet.swift */,
			);
			path = Components;
			sourceTree = "<group>";
		};
		7BE708452CB54CA000E0CBA9 = {
			isa = PBXGroup;
			children = (
				7BE708502CB54CA000E0CBA9 /* nfl-geofencing */,
				7BE7084F2CB54CA000E0CBA9 /* Products */,
			);
			sourceTree = "<group>";
		};
		7BE7084F2CB54CA000E0CBA9 /* Products */ = {
			isa = PBXGroup;
			children = (
				7BE7084E2CB54CA000E0CBA9 /* nfl-geofencing.app */,
			);
			name = Products;
			sourceTree = "<group>";
		};
		7BE708502CB54CA000E0CBA9 /* nfl-geofencing */ = {
			isa = PBXGroup;
			children = (
				7B9B6D5C2CBE787B007FA8A0 /* Info.plist */,
				7B9B6D582CBE687A007FA8A0 /* Views */,
				7BE49F432CBC477600B31067 /* Models */,
				7BE49F362CBBE71E00B31067 /* Repositories */,
				7BE49F332CBBE64C00B31067 /* Resources */,
				7BE99FD62CBABEBC0049F525 /* Extensions */,
				7BE708512CB54CA000E0CBA9 /* nfl_geofencingApp.swift */,
				A1FB9D8A2CB8002900119D9B /* FootballPosition.swift */,
				7BE708552CB54CA000E0CBA9 /* Assets.xcassets */,
				A1D8CB112CC989C20078A0E9 /* loading.gif */,
				7BE708572CB54CA000E0CBA9 /* Preview Content */,
				7B4BFFC22CB6A01D001C450F /* LocationManager.swift */,
				7BE49F552CBD488100B31067 /* MCSessionManager.swift */,
				7B9B6D5A2CBE6AA8007FA8A0 /* MapViewForScreenShot.swift */,
			);
			path = "nfl-geofencing";
			sourceTree = "<group>";
		};
		7BE708572CB54CA000E0CBA9 /* Preview Content */ = {
			isa = PBXGroup;
			children = (
				7BE708582CB54CA000E0CBA9 /* Preview Assets.xcassets */,
			);
			path = "Preview Content";
			sourceTree = "<group>";
		};
		7BE7086B2CB556D300E0CBA9 /* Home */ = {
			isa = PBXGroup;
			children = (
				7BE708612CB5511000E0CBA9 /* HomeScreen.swift */,
				7BE49F4A2CBD142500B31067 /* ProfileCardView.swift */,
				7BE49F4E2CBD190D00B31067 /* RankingView.swift */,
			);
			path = Home;
			sourceTree = "<group>";
		};
		7BE7086C2CB556E800E0CBA9 /* Schedule */ = {
			isa = PBXGroup;
			children = (
				7BE708632CB5548F00E0CBA9 /* ScheduleScreen.swift */,
				7BE49F512CBD266900B31067 /* MatchCard.swift */,
			);
			path = Schedule;
			sourceTree = "<group>";
		};
		7BE7086D2CB556F000E0CBA9 /* Drive */ = {
			isa = PBXGroup;
			children = (
				A139DB602CB573AE00A75050 /* DestinationRegistorView.swift */,
				A139DB5C2CB5724F00A75050 /* RouteDetailView.swift */,
				7BE708692CB5551700E0CBA9 /* DriveScreen.swift */,
			);
			path = Drive;
			sourceTree = "<group>";
		};
		7BE7086E2CB556F600E0CBA9 /* Cards */ = {
			isa = PBXGroup;
			children = (
				7BACAF102CB580B1005CC432 /* PlayerCard.swift */,
				7BE708652CB554A700E0CBA9 /* CardsScreen.swift */,
				7BE49F412CBC3E7B00B31067 /* NFLCollectionOverview.swift */,
				7BE49F462CBC4C2300B31067 /* CardCollectionDetailView.swift */,
				7BE49F482CBD060D00B31067 /* CardUnpackView.swift */,
				CE2E6C262CBD187C007023DC /* MyNFLCollerctionView.swift */,
				CE2E6C282CBD18C0007023DC /* MyCollegeCollectionView.swift */,
				CE2E6C2A2CBD18DF007023DC /* MyCollectionView.swift */,
				7BEB7AE42CBFB98700C14DA0 /* CardUnpackView2.swift */,
				7BD8C6772CC29BDB002D38A0 /* PlayerCard2.swift */,
			);
			path = Cards;
			sourceTree = "<group>";
		};
		7BE7086F2CB556FB00E0CBA9 /* MyPage */ = {
			isa = PBXGroup;
			children = (
				7BE708672CB554CB00E0CBA9 /* MyPageScreen.swift */,
			);
			path = MyPage;
			sourceTree = "<group>";
		};
		7BE99FD62CBABEBC0049F525 /* Extensions */ = {
			isa = PBXGroup;
			children = (
				7BE99FD02CBAB94B0049F525 /* CLLocationCoordinate2D+.swift */,
				7BE99FD22CBABA330049F525 /* MapPolyline+.swift */,
				7BE99FCE2CBAB9230049F525 /* Collection+.swift */,
				7BE49F3C2CBC3E0100B31067 /* View+.swift */,
			);
			path = Extensions;
			sourceTree = "<group>";
		};
/* End PBXGroup section */

/* Begin PBXNativeTarget section */
		7BE7084D2CB54CA000E0CBA9 /* nfl-geofencing */ = {
			isa = PBXNativeTarget;
			buildConfigurationList = 7BE7085C2CB54CA000E0CBA9 /* Build configuration list for PBXNativeTarget "nfl-geofencing" */;
			buildPhases = (
				7BE7084A2CB54CA000E0CBA9 /* Sources */,
				7BE7084B2CB54CA000E0CBA9 /* Frameworks */,
				7BE7084C2CB54CA000E0CBA9 /* Resources */,
			);
			buildRules = (
			);
			dependencies = (
			);
			name = "nfl-geofencing";
			productName = "nfl-geofencing";
			productReference = 7BE7084E2CB54CA000E0CBA9 /* nfl-geofencing.app */;
			productType = "com.apple.product-type.application";
		};
/* End PBXNativeTarget section */

/* Begin PBXProject section */
		7BE708462CB54CA000E0CBA9 /* Project object */ = {
			isa = PBXProject;
			attributes = {
				BuildIndependentTargetsInParallel = 1;
				LastSwiftUpdateCheck = 1530;
				LastUpgradeCheck = 1530;
				TargetAttributes = {
					7BE7084D2CB54CA000E0CBA9 = {
						CreatedOnToolsVersion = 15.3;
					};
				};
			};
			buildConfigurationList = 7BE708492CB54CA000E0CBA9 /* Build configuration list for PBXProject "nfl-geofencing" */;
			compatibilityVersion = "Xcode 14.0";
			developmentRegion = en;
			hasScannedForEncodings = 0;
			knownRegions = (
				en,
				Base,
			);
			mainGroup = 7BE708452CB54CA000E0CBA9;
			productRefGroup = 7BE7084F2CB54CA000E0CBA9 /* Products */;
			projectDirPath = "";
			projectRoot = "";
			targets = (
				7BE7084D2CB54CA000E0CBA9 /* nfl-geofencing */,
			);
		};
/* End PBXProject section */

/* Begin PBXResourcesBuildPhase section */
		7BE7084C2CB54CA000E0CBA9 /* Resources */ = {
			isa = PBXResourcesBuildPhase;
			buildActionMask = 2147483647;
			files = (
				7BE49F352CBBE6FC00B31067 /* crustered-accident.json in Resources */,
				7BE708592CB54CA000E0CBA9 /* Preview Assets.xcassets in Resources */,
				A1FD2A3F2CC081D9001D603B /* crustered-accident-night.json in Resources */,
				A1D8CB122CC989C20078A0E9 /* loading.gif in Resources */,
				A1FD2A402CC081D9001D603B /* crustered-accident-day.json in Resources */,
				7BE708562CB54CA000E0CBA9 /* Assets.xcassets in Resources */,
			);
			runOnlyForDeploymentPostprocessing = 0;
		};
/* End PBXResourcesBuildPhase section */

/* Begin PBXSourcesBuildPhase section */
		7BE7084A2CB54CA000E0CBA9 /* Sources */ = {
			isa = PBXSourcesBuildPhase;
			buildActionMask = 2147483647;
			files = (
				7BE708682CB554CB00E0CBA9 /* MyPageScreen.swift in Sources */,
				7BE49F4F2CBD190D00B31067 /* RankingView.swift in Sources */,
				A139DB5D2CB5724F00A75050 /* RouteDetailView.swift in Sources */,
				7BE708542CB54CA000E0CBA9 /* ContentView.swift in Sources */,
				7BE708622CB5511000E0CBA9 /* HomeScreen.swift in Sources */,
				7BE49F492CBD060D00B31067 /* CardUnpackView.swift in Sources */,
				7BE49F3D2CBC3E0100B31067 /* View+.swift in Sources */,
				7B4BFFC32CB6A01D001C450F /* LocationManager.swift in Sources */,
				7BE49F382CBBE82300B31067 /* DangerAreaRepository.swift in Sources */,
				7BD8C6782CC29BDB002D38A0 /* PlayerCard2.swift in Sources */,
				A139DB612CB573AE00A75050 /* DestinationRegistorView.swift in Sources */,
				7BE49F422CBC3E7B00B31067 /* NFLCollectionOverview.swift in Sources */,
				E1CCE3D52CBB9F4400B64C1D /* TeamSelectView.swift in Sources */,
				A1FD00402CB8136100EC3A46 /* ScarableImageView.swift in Sources */,
				7B4BFFBF2CB69EE2001C450F /* Place.swift in Sources */,
				A1D8CB102CC989780078A0E9 /* GifView.swift in Sources */,
				CE2E6C2B2CBD18DF007023DC /* MyCollectionView.swift in Sources */,
				CE2E6C272CBD187C007023DC /* MyNFLCollerctionView.swift in Sources */,
				7BE49F472CBC4C2300B31067 /* CardCollectionDetailView.swift in Sources */,
				7BE49F452CBC480D00B31067 /* Card.swift in Sources */,
				A1FB9D8B2CB8002900119D9B /* FootballPosition.swift in Sources */,
				7BE708642CB5548F00E0CBA9 /* ScheduleScreen.swift in Sources */,
				CE2E6C292CBD18C0007023DC /* MyCollegeCollectionView.swift in Sources */,
				7BE708602CB550F100E0CBA9 /* SetupProfileView.swift in Sources */,
				E1E31A212CC9A6790082E2C8 /* SplashScreen.swift in Sources */,
				7BE99FCF2CBAB9230049F525 /* Collection+.swift in Sources */,
				E1CCE3D32CBB94B400B64C1D /* Team.swift in Sources */,
				7BE49F402CBC3E3D00B31067 /* ScrollSpy.swift in Sources */,
				7BE99FD52CBABA8E0049F525 /* ResultDialog.swift in Sources */,
				A1FB9D892CB7CDBA00119D9B /* LoginView.swift in Sources */,
				7B9B6D5B2CBE6AA8007FA8A0 /* MapViewForScreenShot.swift in Sources */,
				7BE708662CB554A700E0CBA9 /* CardsScreen.swift in Sources */,
				7B4BFFBC2CB69E07001C450F /* ToyotaNavigationSidebar.swift in Sources */,
				7B4BFFBA2CB69C10001C450F /* IPadContentView.swift in Sources */,
				E1E31A1F2CC995920082E2C8 /* LoginTitleImage.swift in Sources */,
				7BE99FD32CBABA330049F525 /* MapPolyline+.swift in Sources */,
				7BE49F4D2CBD170800B31067 /* CapsuleButton.swift in Sources */,
				7BACAF112CB580B1005CC432 /* PlayerCard.swift in Sources */,
				7BE49F522CBD266900B31067 /* MatchCard.swift in Sources */,
				7B3EB49B2CC9E82F00954702 /* CustomHalfSheet.swift in Sources */,
				E1ED23A72CC6F3F500262A12 /* Players.swift in Sources */,
				7BE708522CB54CA000E0CBA9 /* nfl_geofencingApp.swift in Sources */,
				7BE49F4B2CBD142500B31067 /* ProfileCardView.swift in Sources */,
				7BE99FD12CBAB94B0049F525 /* CLLocationCoordinate2D+.swift in Sources */,
				7B4BFFC12CB69F36001C450F /* RouteNavigationView.swift in Sources */,
				7BE49F562CBD488100B31067 /* MCSessionManager.swift in Sources */,
				7BE7086A2CB5551700E0CBA9 /* DriveScreen.swift in Sources */,
				E1ED23A52CC6E71C00262A12 /* Score.swift in Sources */,
				7BEB7AE52CBFB98700C14DA0 /* CardUnpackView2.swift in Sources */,
			);
			runOnlyForDeploymentPostprocessing = 0;
		};
/* End PBXSourcesBuildPhase section */

/* Begin XCBuildConfiguration section */
		7BE7085A2CB54CA000E0CBA9 /* Debug */ = {
			isa = XCBuildConfiguration;
			buildSettings = {
				ALWAYS_SEARCH_USER_PATHS = NO;
				ASSETCATALOG_COMPILER_GENERATE_SWIFT_ASSET_SYMBOL_EXTENSIONS = YES;
				CLANG_ANALYZER_NONNULL = YES;
				CLANG_ANALYZER_NUMBER_OBJECT_CONVERSION = YES_AGGRESSIVE;
				CLANG_CXX_LANGUAGE_STANDARD = "gnu++20";
				CLANG_ENABLE_MODULES = YES;
				CLANG_ENABLE_OBJC_ARC = YES;
				CLANG_ENABLE_OBJC_WEAK = YES;
				CLANG_WARN_BLOCK_CAPTURE_AUTORELEASING = YES;
				CLANG_WARN_BOOL_CONVERSION = YES;
				CLANG_WARN_COMMA = YES;
				CLANG_WARN_CONSTANT_CONVERSION = YES;
				CLANG_WARN_DEPRECATED_OBJC_IMPLEMENTATIONS = YES;
				CLANG_WARN_DIRECT_OBJC_ISA_USAGE = YES_ERROR;
				CLANG_WARN_DOCUMENTATION_COMMENTS = YES;
				CLANG_WARN_EMPTY_BODY = YES;
				CLANG_WARN_ENUM_CONVERSION = YES;
				CLANG_WARN_INFINITE_RECURSION = YES;
				CLANG_WARN_INT_CONVERSION = YES;
				CLANG_WARN_NON_LITERAL_NULL_CONVERSION = YES;
				CLANG_WARN_OBJC_IMPLICIT_RETAIN_SELF = YES;
				CLANG_WARN_OBJC_LITERAL_CONVERSION = YES;
				CLANG_WARN_OBJC_ROOT_CLASS = YES_ERROR;
				CLANG_WARN_QUOTED_INCLUDE_IN_FRAMEWORK_HEADER = YES;
				CLANG_WARN_RANGE_LOOP_ANALYSIS = YES;
				CLANG_WARN_STRICT_PROTOTYPES = YES;
				CLANG_WARN_SUSPICIOUS_MOVE = YES;
				CLANG_WARN_UNGUARDED_AVAILABILITY = YES_AGGRESSIVE;
				CLANG_WARN_UNREACHABLE_CODE = YES;
				CLANG_WARN__DUPLICATE_METHOD_MATCH = YES;
				COPY_PHASE_STRIP = NO;
				DEBUG_INFORMATION_FORMAT = dwarf;
				ENABLE_STRICT_OBJC_MSGSEND = YES;
				ENABLE_TESTABILITY = YES;
				ENABLE_USER_SCRIPT_SANDBOXING = YES;
				GCC_C_LANGUAGE_STANDARD = gnu17;
				GCC_DYNAMIC_NO_PIC = NO;
				GCC_NO_COMMON_BLOCKS = YES;
				GCC_OPTIMIZATION_LEVEL = 0;
				GCC_PREPROCESSOR_DEFINITIONS = (
					"DEBUG=1",
					"$(inherited)",
				);
				GCC_WARN_64_TO_32_BIT_CONVERSION = YES;
				GCC_WARN_ABOUT_RETURN_TYPE = YES_ERROR;
				GCC_WARN_UNDECLARED_SELECTOR = YES;
				GCC_WARN_UNINITIALIZED_AUTOS = YES_AGGRESSIVE;
				GCC_WARN_UNUSED_FUNCTION = YES;
				GCC_WARN_UNUSED_VARIABLE = YES;
				IPHONEOS_DEPLOYMENT_TARGET = 17.4;
				LOCALIZATION_PREFERS_STRING_CATALOGS = YES;
				MTL_ENABLE_DEBUG_INFO = INCLUDE_SOURCE;
				MTL_FAST_MATH = YES;
				ONLY_ACTIVE_ARCH = YES;
				SDKROOT = iphoneos;
				SWIFT_ACTIVE_COMPILATION_CONDITIONS = "DEBUG $(inherited)";
				SWIFT_OPTIMIZATION_LEVEL = "-Onone";
			};
			name = Debug;
		};
		7BE7085B2CB54CA000E0CBA9 /* Release */ = {
			isa = XCBuildConfiguration;
			buildSettings = {
				ALWAYS_SEARCH_USER_PATHS = NO;
				ASSETCATALOG_COMPILER_GENERATE_SWIFT_ASSET_SYMBOL_EXTENSIONS = YES;
				CLANG_ANALYZER_NONNULL = YES;
				CLANG_ANALYZER_NUMBER_OBJECT_CONVERSION = YES_AGGRESSIVE;
				CLANG_CXX_LANGUAGE_STANDARD = "gnu++20";
				CLANG_ENABLE_MODULES = YES;
				CLANG_ENABLE_OBJC_ARC = YES;
				CLANG_ENABLE_OBJC_WEAK = YES;
				CLANG_WARN_BLOCK_CAPTURE_AUTORELEASING = YES;
				CLANG_WARN_BOOL_CONVERSION = YES;
				CLANG_WARN_COMMA = YES;
				CLANG_WARN_CONSTANT_CONVERSION = YES;
				CLANG_WARN_DEPRECATED_OBJC_IMPLEMENTATIONS = YES;
				CLANG_WARN_DIRECT_OBJC_ISA_USAGE = YES_ERROR;
				CLANG_WARN_DOCUMENTATION_COMMENTS = YES;
				CLANG_WARN_EMPTY_BODY = YES;
				CLANG_WARN_ENUM_CONVERSION = YES;
				CLANG_WARN_INFINITE_RECURSION = YES;
				CLANG_WARN_INT_CONVERSION = YES;
				CLANG_WARN_NON_LITERAL_NULL_CONVERSION = YES;
				CLANG_WARN_OBJC_IMPLICIT_RETAIN_SELF = YES;
				CLANG_WARN_OBJC_LITERAL_CONVERSION = YES;
				CLANG_WARN_OBJC_ROOT_CLASS = YES_ERROR;
				CLANG_WARN_QUOTED_INCLUDE_IN_FRAMEWORK_HEADER = YES;
				CLANG_WARN_RANGE_LOOP_ANALYSIS = YES;
				CLANG_WARN_STRICT_PROTOTYPES = YES;
				CLANG_WARN_SUSPICIOUS_MOVE = YES;
				CLANG_WARN_UNGUARDED_AVAILABILITY = YES_AGGRESSIVE;
				CLANG_WARN_UNREACHABLE_CODE = YES;
				CLANG_WARN__DUPLICATE_METHOD_MATCH = YES;
				COPY_PHASE_STRIP = NO;
				DEBUG_INFORMATION_FORMAT = "dwarf-with-dsym";
				ENABLE_NS_ASSERTIONS = NO;
				ENABLE_STRICT_OBJC_MSGSEND = YES;
				ENABLE_USER_SCRIPT_SANDBOXING = YES;
				GCC_C_LANGUAGE_STANDARD = gnu17;
				GCC_NO_COMMON_BLOCKS = YES;
				GCC_WARN_64_TO_32_BIT_CONVERSION = YES;
				GCC_WARN_ABOUT_RETURN_TYPE = YES_ERROR;
				GCC_WARN_UNDECLARED_SELECTOR = YES;
				GCC_WARN_UNINITIALIZED_AUTOS = YES_AGGRESSIVE;
				GCC_WARN_UNUSED_FUNCTION = YES;
				GCC_WARN_UNUSED_VARIABLE = YES;
				IPHONEOS_DEPLOYMENT_TARGET = 17.4;
				LOCALIZATION_PREFERS_STRING_CATALOGS = YES;
				MTL_ENABLE_DEBUG_INFO = NO;
				MTL_FAST_MATH = YES;
				SDKROOT = iphoneos;
				SWIFT_COMPILATION_MODE = wholemodule;
				VALIDATE_PRODUCT = YES;
			};
			name = Release;
		};
		7BE7085D2CB54CA000E0CBA9 /* Debug */ = {
			isa = XCBuildConfiguration;
			buildSettings = {
				ASSETCATALOG_COMPILER_APPICON_NAME = AppIcon;
				ASSETCATALOG_COMPILER_GLOBAL_ACCENT_COLOR_NAME = AccentColor;
				CODE_SIGN_STYLE = Automatic;
				CURRENT_PROJECT_VERSION = 1;
				DEVELOPMENT_ASSET_PATHS = "\"nfl-geofencing/Preview Content\"";
				DEVELOPMENT_TEAM = 575NKNQV6Z;
				ENABLE_PREVIEWS = YES;
				GENERATE_INFOPLIST_FILE = YES;
				INFOPLIST_FILE = "nfl-geofencing/Info.plist";
				INFOPLIST_KEY_CFBundleDisplayName = Playbook;
				INFOPLIST_KEY_NSLocalNetworkUsageDescription = "This app uses local network to comunicate with other device nearby.";
				INFOPLIST_KEY_UIApplicationSceneManifest_Generation = YES;
				INFOPLIST_KEY_UIApplicationSupportsIndirectInputEvents = YES;
				INFOPLIST_KEY_UILaunchScreen_Generation = YES;
				INFOPLIST_KEY_UISupportedInterfaceOrientations_iPad = "UIInterfaceOrientationPortrait UIInterfaceOrientationPortraitUpsideDown UIInterfaceOrientationLandscapeLeft UIInterfaceOrientationLandscapeRight";
				INFOPLIST_KEY_UISupportedInterfaceOrientations_iPhone = "UIInterfaceOrientationPortrait UIInterfaceOrientationLandscapeLeft UIInterfaceOrientationLandscapeRight";
				IPHONEOS_DEPLOYMENT_TARGET = 17.0;
				LD_RUNPATH_SEARCH_PATHS = (
					"$(inherited)",
					"@executable_path/Frameworks",
				);
				MARKETING_VERSION = 1.0;
				PRODUCT_BUNDLE_IDENTIFIER = "com.shionkoga.nfl-geofencing";
				PRODUCT_NAME = "$(TARGET_NAME)";
				SWIFT_EMIT_LOC_STRINGS = YES;
				SWIFT_VERSION = 5.0;
				TARGETED_DEVICE_FAMILY = "1,2";
			};
			name = Debug;
		};
		7BE7085E2CB54CA000E0CBA9 /* Release */ = {
			isa = XCBuildConfiguration;
			buildSettings = {
				ASSETCATALOG_COMPILER_APPICON_NAME = AppIcon;
				ASSETCATALOG_COMPILER_GLOBAL_ACCENT_COLOR_NAME = AccentColor;
				CODE_SIGN_STYLE = Automatic;
				CURRENT_PROJECT_VERSION = 1;
				DEVELOPMENT_ASSET_PATHS = "\"nfl-geofencing/Preview Content\"";
				DEVELOPMENT_TEAM = 575NKNQV6Z;
				ENABLE_PREVIEWS = YES;
				GENERATE_INFOPLIST_FILE = YES;
				INFOPLIST_FILE = "nfl-geofencing/Info.plist";
				INFOPLIST_KEY_CFBundleDisplayName = Playbook;
				INFOPLIST_KEY_NSLocalNetworkUsageDescription = "This app uses local network to comunicate with other device nearby.";
				INFOPLIST_KEY_UIApplicationSceneManifest_Generation = YES;
				INFOPLIST_KEY_UIApplicationSupportsIndirectInputEvents = YES;
				INFOPLIST_KEY_UILaunchScreen_Generation = YES;
				INFOPLIST_KEY_UISupportedInterfaceOrientations_iPad = "UIInterfaceOrientationPortrait UIInterfaceOrientationPortraitUpsideDown UIInterfaceOrientationLandscapeLeft UIInterfaceOrientationLandscapeRight";
				INFOPLIST_KEY_UISupportedInterfaceOrientations_iPhone = "UIInterfaceOrientationPortrait UIInterfaceOrientationLandscapeLeft UIInterfaceOrientationLandscapeRight";
				IPHONEOS_DEPLOYMENT_TARGET = 17.0;
				LD_RUNPATH_SEARCH_PATHS = (
					"$(inherited)",
					"@executable_path/Frameworks",
				);
				MARKETING_VERSION = 1.0;
				PRODUCT_BUNDLE_IDENTIFIER = "com.shionkoga.nfl-geofencing";
				PRODUCT_NAME = "$(TARGET_NAME)";
				SWIFT_EMIT_LOC_STRINGS = YES;
				SWIFT_VERSION = 5.0;
				TARGETED_DEVICE_FAMILY = "1,2";
			};
			name = Release;
		};
/* End XCBuildConfiguration section */

/* Begin XCConfigurationList section */
		7BE708492CB54CA000E0CBA9 /* Build configuration list for PBXProject "nfl-geofencing" */ = {
			isa = XCConfigurationList;
			buildConfigurations = (
				7BE7085A2CB54CA000E0CBA9 /* Debug */,
				7BE7085B2CB54CA000E0CBA9 /* Release */,
			);
			defaultConfigurationIsVisible = 0;
			defaultConfigurationName = Release;
		};
		7BE7085C2CB54CA000E0CBA9 /* Build configuration list for PBXNativeTarget "nfl-geofencing" */ = {
			isa = XCConfigurationList;
			buildConfigurations = (
				7BE7085D2CB54CA000E0CBA9 /* Debug */,
				7BE7085E2CB54CA000E0CBA9 /* Release */,
			);
			defaultConfigurationIsVisible = 0;
			defaultConfigurationName = Release;
		};
/* End XCConfigurationList section */
	};
	rootObject = 7BE708462CB54CA000E0CBA9 /* Project object */;
}
