// !$*UTF8*$!
{
	archiveVersion = 1;
	classes = {
	};
	objectVersion = 56;
	objects = {

/* Begin PBXBuildFile section */
		7BE708522CB54CA000E0CBA9 /* nfl_geofencingApp.swift in Sources */ = {isa = PBXBuildFile; fileRef = 7BE708512CB54CA000E0CBA9 /* nfl_geofencingApp.swift */; };
		7BE708542CB54CA000E0CBA9 /* ContentView.swift in Sources */ = {isa = PBXBuildFile; fileRef = 7BE708532CB54CA000E0CBA9 /* ContentView.swift */; };
		7BE708562CB54CA000E0CBA9 /* Assets.xcassets in Resources */ = {isa = PBXBuildFile; fileRef = 7BE708552CB54CA000E0CBA9 /* Assets.xcassets */; };
		7BE708592CB54CA000E0CBA9 /* Preview Assets.xcassets in Resources */ = {isa = PBXBuildFile; fileRef = 7BE708582CB54CA000E0CBA9 /* Preview Assets.xcassets */; };
		7BE708602CB550F100E0CBA9 /* SetupProfileView.swift in Sources */ = {isa = PBXBuildFile; fileRef = 7BE7085F2CB550F100E0CBA9 /* SetupProfileView.swift */; };
		7BE708622CB5511000E0CBA9 /* HomeScreen.swift in Sources */ = {isa = PBXBuildFile; fileRef = 7BE708612CB5511000E0CBA9 /* HomeScreen.swift */; };
		7BE708642CB5548F00E0CBA9 /* MapScreen.swift in Sources */ = {isa = PBXBuildFile; fileRef = 7BE708632CB5548F00E0CBA9 /* MapScreen.swift */; };
		7BE708662CB554A700E0CBA9 /* FriendScreen.swift in Sources */ = {isa = PBXBuildFile; fileRef = 7BE708652CB554A700E0CBA9 /* FriendScreen.swift */; };
		7BE708682CB554CB00E0CBA9 /* MyPageScreen.swift in Sources */ = {isa = PBXBuildFile; fileRef = 7BE708672CB554CB00E0CBA9 /* MyPageScreen.swift */; };
		7BE7086A2CB5551700E0CBA9 /* DriveScreen.swift in Sources */ = {isa = PBXBuildFile; fileRef = 7BE708692CB5551700E0CBA9 /* DriveScreen.swift */; };
		A139DB5D2CB5724F00A75050 /* RouteDetailView.swift in Sources */ = {isa = PBXBuildFile; fileRef = A139DB5C2CB5724F00A75050 /* RouteDetailView.swift */; };
		A139DB612CB573AE00A75050 /* DestinationRegistorView.swift in Sources */ = {isa = PBXBuildFile; fileRef = A139DB602CB573AE00A75050 /* DestinationRegistorView.swift */; };
/* End PBXBuildFile section */

/* Begin PBXFileReference section */
		7BE7084E2CB54CA000E0CBA9 /* nfl-geofencing.app */ = {isa = PBXFileReference; explicitFileType = wrapper.application; includeInIndex = 0; path = "nfl-geofencing.app"; sourceTree = BUILT_PRODUCTS_DIR; };
		7BE708512CB54CA000E0CBA9 /* nfl_geofencingApp.swift */ = {isa = PBXFileReference; lastKnownFileType = sourcecode.swift; path = nfl_geofencingApp.swift; sourceTree = "<group>"; };
		7BE708532CB54CA000E0CBA9 /* ContentView.swift */ = {isa = PBXFileReference; lastKnownFileType = sourcecode.swift; path = ContentView.swift; sourceTree = "<group>"; };
		7BE708552CB54CA000E0CBA9 /* Assets.xcassets */ = {isa = PBXFileReference; lastKnownFileType = folder.assetcatalog; path = Assets.xcassets; sourceTree = "<group>"; };
		7BE708582CB54CA000E0CBA9 /* Preview Assets.xcassets */ = {isa = PBXFileReference; lastKnownFileType = folder.assetcatalog; path = "Preview Assets.xcassets"; sourceTree = "<group>"; };
		7BE7085F2CB550F100E0CBA9 /* SetupProfileView.swift */ = {isa = PBXFileReference; lastKnownFileType = sourcecode.swift; path = SetupProfileView.swift; sourceTree = "<group>"; };
		7BE708612CB5511000E0CBA9 /* HomeScreen.swift */ = {isa = PBXFileReference; lastKnownFileType = sourcecode.swift; path = HomeScreen.swift; sourceTree = "<group>"; };
		7BE708632CB5548F00E0CBA9 /* MapScreen.swift */ = {isa = PBXFileReference; lastKnownFileType = sourcecode.swift; path = MapScreen.swift; sourceTree = "<group>"; };
		7BE708652CB554A700E0CBA9 /* FriendScreen.swift */ = {isa = PBXFileReference; lastKnownFileType = sourcecode.swift; path = FriendScreen.swift; sourceTree = "<group>"; };
		7BE708672CB554CB00E0CBA9 /* MyPageScreen.swift */ = {isa = PBXFileReference; lastKnownFileType = sourcecode.swift; path = MyPageScreen.swift; sourceTree = "<group>"; };
		7BE708692CB5551700E0CBA9 /* DriveScreen.swift */ = {isa = PBXFileReference; lastKnownFileType = sourcecode.swift; path = DriveScreen.swift; sourceTree = "<group>"; };
		A139DB5C2CB5724F00A75050 /* RouteDetailView.swift */ = {isa = PBXFileReference; lastKnownFileType = sourcecode.swift; path = RouteDetailView.swift; sourceTree = "<group>"; };
		A139DB602CB573AE00A75050 /* DestinationRegistorView.swift */ = {isa = PBXFileReference; lastKnownFileType = sourcecode.swift; path = DestinationRegistorView.swift; sourceTree = "<group>"; };
/* End PBXFileReference section */

/* Begin PBXFrameworksBuildPhase section */
		7BE7084B2CB54CA000E0CBA9 /* Frameworks */ = {
			isa = PBXFrameworksBuildPhase;
			buildActionMask = 2147483647;
			files = (
			);
			runOnlyForDeploymentPostprocessing = 0;
		};
/* End PBXFrameworksBuildPhase section */

/* Begin PBXGroup section */
		7BE708452CB54CA000E0CBA9 = {
			isa = PBXGroup;
			children = (
				7BE708502CB54CA000E0CBA9 /* nfl-geofencing */,
				7BE7084F2CB54CA000E0CBA9 /* Products */,
			);
			sourceTree = "<group>";
		};
		7BE7084F2CB54CA000E0CBA9 /* Products */ = {
			isa = PBXGroup;
			children = (
				7BE7084E2CB54CA000E0CBA9 /* nfl-geofencing.app */,
			);
			name = Products;
			sourceTree = "<group>";
		};
		7BE708502CB54CA000E0CBA9 /* nfl-geofencing */ = {
			isa = PBXGroup;
			children = (
				7BE7086B2CB556D300E0CBA9 /* Home */,
				7BE7086C2CB556E800E0CBA9 /* Map */,
				7BE7086D2CB556F000E0CBA9 /* Drive */,
				7BE7086E2CB556F600E0CBA9 /* Friend */,
				7BE7086F2CB556FB00E0CBA9 /* MyPage */,
				7BE708512CB54CA000E0CBA9 /* nfl_geofencingApp.swift */,
				A139DB5C2CB5724F00A75050 /* RouteDetailView.swift */,
				A139DB602CB573AE00A75050 /* DestinationRegistorView.swift */,
				7BE708532CB54CA000E0CBA9 /* ContentView.swift */,
				7BE7085F2CB550F100E0CBA9 /* SetupProfileView.swift */,
				7BE708552CB54CA000E0CBA9 /* Assets.xcassets */,
				7BE708572CB54CA000E0CBA9 /* Preview Content */,
			);
			path = "nfl-geofencing";
			sourceTree = "<group>";
		};
		7BE708572CB54CA000E0CBA9 /* Preview Content */ = {
			isa = PBXGroup;
			children = (
				7BE708582CB54CA000E0CBA9 /* Preview Assets.xcassets */,
			);
			path = "Preview Content";
			sourceTree = "<group>";
		};
		7BE7086B2CB556D300E0CBA9 /* Home */ = {
			isa = PBXGroup;
			children = (
				7BE708612CB5511000E0CBA9 /* HomeScreen.swift */,
			);
			path = Home;
			sourceTree = "<group>";
		};
		7BE7086C2CB556E800E0CBA9 /* Map */ = {
			isa = PBXGroup;
			children = (
				7BE708632CB5548F00E0CBA9 /* MapScreen.swift */,
			);
			path = Map;
			sourceTree = "<group>";
		};
		7BE7086D2CB556F000E0CBA9 /* Drive */ = {
			isa = PBXGroup;
			children = (
				7BE708692CB5551700E0CBA9 /* DriveScreen.swift */,
			);
			path = Drive;
			sourceTree = "<group>";
		};
		7BE7086E2CB556F600E0CBA9 /* Friend */ = {
			isa = PBXGroup;
			children = (
				7BE708652CB554A700E0CBA9 /* FriendScreen.swift */,
			);
			path = Friend;
			sourceTree = "<group>";
		};
		7BE7086F2CB556FB00E0CBA9 /* MyPage */ = {
			isa = PBXGroup;
			children = (
				7BE708672CB554CB00E0CBA9 /* MyPageScreen.swift */,
			);
			path = MyPage;
			sourceTree = "<group>";
		};
/* End PBXGroup section */

/* Begin PBXNativeTarget section */
		7BE7084D2CB54CA000E0CBA9 /* nfl-geofencing */ = {
			isa = PBXNativeTarget;
			buildConfigurationList = 7BE7085C2CB54CA000E0CBA9 /* Build configuration list for PBXNativeTarget "nfl-geofencing" */;
			buildPhases = (
				7BE7084A2CB54CA000E0CBA9 /* Sources */,
				7BE7084B2CB54CA000E0CBA9 /* Frameworks */,
				7BE7084C2CB54CA000E0CBA9 /* Resources */,
			);
			buildRules = (
			);
			dependencies = (
			);
			name = "nfl-geofencing";
			productName = "nfl-geofencing";
			productReference = 7BE7084E2CB54CA000E0CBA9 /* nfl-geofencing.app */;
			productType = "com.apple.product-type.application";
		};
/* End PBXNativeTarget section */

/* Begin PBXProject section */
		7BE708462CB54CA000E0CBA9 /* Project object */ = {
			isa = PBXProject;
			attributes = {
				BuildIndependentTargetsInParallel = 1;
				LastSwiftUpdateCheck = 1530;
				LastUpgradeCheck = 1530;
				TargetAttributes = {
					7BE7084D2CB54CA000E0CBA9 = {
						CreatedOnToolsVersion = 15.3;
					};
				};
			};
			buildConfigurationList = 7BE708492CB54CA000E0CBA9 /* Build configuration list for PBXProject "nfl-geofencing" */;
			compatibilityVersion = "Xcode 14.0";
			developmentRegion = en;
			hasScannedForEncodings = 0;
			knownRegions = (
				en,
				Base,
			);
			mainGroup = 7BE708452CB54CA000E0CBA9;
			productRefGroup = 7BE7084F2CB54CA000E0CBA9 /* Products */;
			projectDirPath = "";
			projectRoot = "";
			targets = (
				7BE7084D2CB54CA000E0CBA9 /* nfl-geofencing */,
			);
		};
/* End PBXProject section */

/* Begin PBXResourcesBuildPhase section */
		7BE7084C2CB54CA000E0CBA9 /* Resources */ = {
			isa = PBXResourcesBuildPhase;
			buildActionMask = 2147483647;
			files = (
				7BE708592CB54CA000E0CBA9 /* Preview Assets.xcassets in Resources */,
				7BE708562CB54CA000E0CBA9 /* Assets.xcassets in Resources */,
			);
			runOnlyForDeploymentPostprocessing = 0;
		};
/* End PBXResourcesBuildPhase section */

/* Begin PBXSourcesBuildPhase section */
		7BE7084A2CB54CA000E0CBA9 /* Sources */ = {
			isa = PBXSourcesBuildPhase;
			buildActionMask = 2147483647;
			files = (
				7BE708682CB554CB00E0CBA9 /* MyPageScreen.swift in Sources */,
				A139DB5D2CB5724F00A75050 /* RouteDetailView.swift in Sources */,
				7BE708542CB54CA000E0CBA9 /* ContentView.swift in Sources */,
				7BE708622CB5511000E0CBA9 /* HomeScreen.swift in Sources */,
				A139DB612CB573AE00A75050 /* DestinationRegistorView.swift in Sources */,
				7BE708642CB5548F00E0CBA9 /* MapScreen.swift in Sources */,
				7BE708602CB550F100E0CBA9 /* SetupProfileView.swift in Sources */,
				7BE708662CB554A700E0CBA9 /* FriendScreen.swift in Sources */,
				7BE708522CB54CA000E0CBA9 /* nfl_geofencingApp.swift in Sources */,
				7BE7086A2CB5551700E0CBA9 /* DriveScreen.swift in Sources */,
			);
			runOnlyForDeploymentPostprocessing = 0;
		};
/* End PBXSourcesBuildPhase section */

/* Begin XCBuildConfiguration section */
		7BE7085A2CB54CA000E0CBA9 /* Debug */ = {
			isa = XCBuildConfiguration;
			buildSettings = {
				ALWAYS_SEARCH_USER_PATHS = NO;
				ASSETCATALOG_COMPILER_GENERATE_SWIFT_ASSET_SYMBOL_EXTENSIONS = YES;
				CLANG_ANALYZER_NONNULL = YES;
				CLANG_ANALYZER_NUMBER_OBJECT_CONVERSION = YES_AGGRESSIVE;
				CLANG_CXX_LANGUAGE_STANDARD = "gnu++20";
				CLANG_ENABLE_MODULES = YES;
				CLANG_ENABLE_OBJC_ARC = YES;
				CLANG_ENABLE_OBJC_WEAK = YES;
				CLANG_WARN_BLOCK_CAPTURE_AUTORELEASING = YES;
				CLANG_WARN_BOOL_CONVERSION = YES;
				CLANG_WARN_COMMA = YES;
				CLANG_WARN_CONSTANT_CONVERSION = YES;
				CLANG_WARN_DEPRECATED_OBJC_IMPLEMENTATIONS = YES;
				CLANG_WARN_DIRECT_OBJC_ISA_USAGE = YES_ERROR;
				CLANG_WARN_DOCUMENTATION_COMMENTS = YES;
				CLANG_WARN_EMPTY_BODY = YES;
				CLANG_WARN_ENUM_CONVERSION = YES;
				CLANG_WARN_INFINITE_RECURSION = YES;
				CLANG_WARN_INT_CONVERSION = YES;
				CLANG_WARN_NON_LITERAL_NULL_CONVERSION = YES;
				CLANG_WARN_OBJC_IMPLICIT_RETAIN_SELF = YES;
				CLANG_WARN_OBJC_LITERAL_CONVERSION = YES;
				CLANG_WARN_OBJC_ROOT_CLASS = YES_ERROR;
				CLANG_WARN_QUOTED_INCLUDE_IN_FRAMEWORK_HEADER = YES;
				CLANG_WARN_RANGE_LOOP_ANALYSIS = YES;
				CLANG_WARN_STRICT_PROTOTYPES = YES;
				CLANG_WARN_SUSPICIOUS_MOVE = YES;
				CLANG_WARN_UNGUARDED_AVAILABILITY = YES_AGGRESSIVE;
				CLANG_WARN_UNREACHABLE_CODE = YES;
				CLANG_WARN__DUPLICATE_METHOD_MATCH = YES;
				COPY_PHASE_STRIP = NO;
				DEBUG_INFORMATION_FORMAT = dwarf;
				ENABLE_STRICT_OBJC_MSGSEND = YES;
				ENABLE_TESTABILITY = YES;
				ENABLE_USER_SCRIPT_SANDBOXING = YES;
				GCC_C_LANGUAGE_STANDARD = gnu17;
				GCC_DYNAMIC_NO_PIC = NO;
				GCC_NO_COMMON_BLOCKS = YES;
				GCC_OPTIMIZATION_LEVEL = 0;
				GCC_PREPROCESSOR_DEFINITIONS = (
					"DEBUG=1",
					"$(inherited)",
				);
				GCC_WARN_64_TO_32_BIT_CONVERSION = YES;
				GCC_WARN_ABOUT_RETURN_TYPE = YES_ERROR;
				GCC_WARN_UNDECLARED_SELECTOR = YES;
				GCC_WARN_UNINITIALIZED_AUTOS = YES_AGGRESSIVE;
				GCC_WARN_UNUSED_FUNCTION = YES;
				GCC_WARN_UNUSED_VARIABLE = YES;
				IPHONEOS_DEPLOYMENT_TARGET = 17.4;
				LOCALIZATION_PREFERS_STRING_CATALOGS = YES;
				MTL_ENABLE_DEBUG_INFO = INCLUDE_SOURCE;
				MTL_FAST_MATH = YES;
				ONLY_ACTIVE_ARCH = YES;
				SDKROOT = iphoneos;
				SWIFT_ACTIVE_COMPILATION_CONDITIONS = "DEBUG $(inherited)";
				SWIFT_OPTIMIZATION_LEVEL = "-Onone";
			};
			name = Debug;
		};
		7BE7085B2CB54CA000E0CBA9 /* Release */ = {
			isa = XCBuildConfiguration;
			buildSettings = {
				ALWAYS_SEARCH_USER_PATHS = NO;
				ASSETCATALOG_COMPILER_GENERATE_SWIFT_ASSET_SYMBOL_EXTENSIONS = YES;
				CLANG_ANALYZER_NONNULL = YES;
				CLANG_ANALYZER_NUMBER_OBJECT_CONVERSION = YES_AGGRESSIVE;
				CLANG_CXX_LANGUAGE_STANDARD = "gnu++20";
				CLANG_ENABLE_MODULES = YES;
				CLANG_ENABLE_OBJC_ARC = YES;
				CLANG_ENABLE_OBJC_WEAK = YES;
				CLANG_WARN_BLOCK_CAPTURE_AUTORELEASING = YES;
				CLANG_WARN_BOOL_CONVERSION = YES;
				CLANG_WARN_COMMA = YES;
				CLANG_WARN_CONSTANT_CONVERSION = YES;
				CLANG_WARN_DEPRECATED_OBJC_IMPLEMENTATIONS = YES;
				CLANG_WARN_DIRECT_OBJC_ISA_USAGE = YES_ERROR;
				CLANG_WARN_DOCUMENTATION_COMMENTS = YES;
				CLANG_WARN_EMPTY_BODY = YES;
				CLANG_WARN_ENUM_CONVERSION = YES;
				CLANG_WARN_INFINITE_RECURSION = YES;
				CLANG_WARN_INT_CONVERSION = YES;
				CLANG_WARN_NON_LITERAL_NULL_CONVERSION = YES;
				CLANG_WARN_OBJC_IMPLICIT_RETAIN_SELF = YES;
				CLANG_WARN_OBJC_LITERAL_CONVERSION = YES;
				CLANG_WARN_OBJC_ROOT_CLASS = YES_ERROR;
				CLANG_WARN_QUOTED_INCLUDE_IN_FRAMEWORK_HEADER = YES;
				CLANG_WARN_RANGE_LOOP_ANALYSIS = YES;
				CLANG_WARN_STRICT_PROTOTYPES = YES;
				CLANG_WARN_SUSPICIOUS_MOVE = YES;
				CLANG_WARN_UNGUARDED_AVAILABILITY = YES_AGGRESSIVE;
				CLANG_WARN_UNREACHABLE_CODE = YES;
				CLANG_WARN__DUPLICATE_METHOD_MATCH = YES;
				COPY_PHASE_STRIP = NO;
				DEBUG_INFORMATION_FORMAT = "dwarf-with-dsym";
				ENABLE_NS_ASSERTIONS = NO;
				ENABLE_STRICT_OBJC_MSGSEND = YES;
				ENABLE_USER_SCRIPT_SANDBOXING = YES;
				GCC_C_LANGUAGE_STANDARD = gnu17;
				GCC_NO_COMMON_BLOCKS = YES;
				GCC_WARN_64_TO_32_BIT_CONVERSION = YES;
				GCC_WARN_ABOUT_RETURN_TYPE = YES_ERROR;
				GCC_WARN_UNDECLARED_SELECTOR = YES;
				GCC_WARN_UNINITIALIZED_AUTOS = YES_AGGRESSIVE;
				GCC_WARN_UNUSED_FUNCTION = YES;
				GCC_WARN_UNUSED_VARIABLE = YES;
				IPHONEOS_DEPLOYMENT_TARGET = 17.4;
				LOCALIZATION_PREFERS_STRING_CATALOGS = YES;
				MTL_ENABLE_DEBUG_INFO = NO;
				MTL_FAST_MATH = YES;
				SDKROOT = iphoneos;
				SWIFT_COMPILATION_MODE = wholemodule;
				VALIDATE_PRODUCT = YES;
			};
			name = Release;
		};
		7BE7085D2CB54CA000E0CBA9 /* Debug */ = {
			isa = XCBuildConfiguration;
			buildSettings = {
				ASSETCATALOG_COMPILER_APPICON_NAME = AppIcon;
				ASSETCATALOG_COMPILER_GLOBAL_ACCENT_COLOR_NAME = AccentColor;
				CODE_SIGN_STYLE = Automatic;
				CURRENT_PROJECT_VERSION = 1;
				DEVELOPMENT_ASSET_PATHS = "\"nfl-geofencing/Preview Content\"";
				DEVELOPMENT_TEAM = 575NKNQV6Z;
				ENABLE_PREVIEWS = YES;
				GENERATE_INFOPLIST_FILE = YES;
				INFOPLIST_KEY_UIApplicationSceneManifest_Generation = YES;
				INFOPLIST_KEY_UIApplicationSupportsIndirectInputEvents = YES;
				INFOPLIST_KEY_UILaunchScreen_Generation = YES;
				INFOPLIST_KEY_UISupportedInterfaceOrientations_iPad = "UIInterfaceOrientationPortrait UIInterfaceOrientationPortraitUpsideDown UIInterfaceOrientationLandscapeLeft UIInterfaceOrientationLandscapeRight";
				INFOPLIST_KEY_UISupportedInterfaceOrientations_iPhone = "UIInterfaceOrientationPortrait UIInterfaceOrientationLandscapeLeft UIInterfaceOrientationLandscapeRight";
				LD_RUNPATH_SEARCH_PATHS = (
					"$(inherited)",
					"@executable_path/Frameworks",
				);
				MARKETING_VERSION = 1.0;
				PRODUCT_BUNDLE_IDENTIFIER = "com.shionkoga.nfl-geofencing";
				PRODUCT_NAME = "$(TARGET_NAME)";
				SWIFT_EMIT_LOC_STRINGS = YES;
				SWIFT_VERSION = 5.0;
				TARGETED_DEVICE_FAMILY = "1,2";
			};
			name = Debug;
		};
		7BE7085E2CB54CA000E0CBA9 /* Release */ = {
			isa = XCBuildConfiguration;
			buildSettings = {
				ASSETCATALOG_COMPILER_APPICON_NAME = AppIcon;
				ASSETCATALOG_COMPILER_GLOBAL_ACCENT_COLOR_NAME = AccentColor;
				CODE_SIGN_STYLE = Automatic;
				CURRENT_PROJECT_VERSION = 1;
				DEVELOPMENT_ASSET_PATHS = "\"nfl-geofencing/Preview Content\"";
				DEVELOPMENT_TEAM = 575NKNQV6Z;
				ENABLE_PREVIEWS = YES;
				GENERATE_INFOPLIST_FILE = YES;
				INFOPLIST_KEY_UIApplicationSceneManifest_Generation = YES;
				INFOPLIST_KEY_UIApplicationSupportsIndirectInputEvents = YES;
				INFOPLIST_KEY_UILaunchScreen_Generation = YES;
				INFOPLIST_KEY_UISupportedInterfaceOrientations_iPad = "UIInterfaceOrientationPortrait UIInterfaceOrientationPortraitUpsideDown UIInterfaceOrientationLandscapeLeft UIInterfaceOrientationLandscapeRight";
				INFOPLIST_KEY_UISupportedInterfaceOrientations_iPhone = "UIInterfaceOrientationPortrait UIInterfaceOrientationLandscapeLeft UIInterfaceOrientationLandscapeRight";
				LD_RUNPATH_SEARCH_PATHS = (
					"$(inherited)",
					"@executable_path/Frameworks",
				);
				MARKETING_VERSION = 1.0;
				PRODUCT_BUNDLE_IDENTIFIER = "com.shionkoga.nfl-geofencing";
				PRODUCT_NAME = "$(TARGET_NAME)";
				SWIFT_EMIT_LOC_STRINGS = YES;
				SWIFT_VERSION = 5.0;
				TARGETED_DEVICE_FAMILY = "1,2";
			};
			name = Release;
		};
/* End XCBuildConfiguration section */

/* Begin XCConfigurationList section */
		7BE708492CB54CA000E0CBA9 /* Build configuration list for PBXProject "nfl-geofencing" */ = {
			isa = XCConfigurationList;
			buildConfigurations = (
				7BE7085A2CB54CA000E0CBA9 /* Debug */,
				7BE7085B2CB54CA000E0CBA9 /* Release */,
			);
			defaultConfigurationIsVisible = 0;
			defaultConfigurationName = Release;
		};
		7BE7085C2CB54CA000E0CBA9 /* Build configuration list for PBXNativeTarget "nfl-geofencing" */ = {
			isa = XCConfigurationList;
			buildConfigurations = (
				7BE7085D2CB54CA000E0CBA9 /* Debug */,
				7BE7085E2CB54CA000E0CBA9 /* Release */,
			);
			defaultConfigurationIsVisible = 0;
			defaultConfigurationName = Release;
		};
/* End XCConfigurationList section */
	};
	rootObject = 7BE708462CB54CA000E0CBA9 /* Project object */;
}
